
Microsoft Visual Studio Solution File, Format Version 12.00
# Visual Studio Version 16
VisualStudioVersion = 16.0.31112.23
MinimumVisualStudioVersion = 10.0.40219.1
Project("{FAE04EC0-301F-11D3-BF4B-00C04F79EFBC}") = "CalculadoraTabajara.ConsoloApp", "CalculadoraTabajara.ConsoloApp\CalculadoraTabajara.ConsoloApp.csproj", "{9060E10D-B391-4DA5-A249-415CFD8285D7}"
EndProject
Global
	GlobalSection(SolutionConfigurationPlatforms) = preSolution
		Debug|Any CPU = Debug|Any CPU
		Release|Any CPU = Release|Any CPU
	EndGlobalSection
	GlobalSection(ProjectConfigurationPlatforms) = postSolution
		{9060E10D-B391-4DA5-A249-415CFD8285D7}.Debug|Any CPU.ActiveCfg = Debug|Any CPU
		{9060E10D-B391-4DA5-A249-415CFD8285D7}.Debug|Any CPU.Build.0 = Debug|Any CPU
		{9060E10D-B391-4DA5-A249-415CFD8285D7}.Release|Any CPU.ActiveCfg = Release|Any CPU
		{9060E10D-B391-4DA5-A249-415CFD8285D7}.Release|Any CPU.Build.0 = Release|Any CPU
	EndGlobalSection
	GlobalSection(SolutionProperties) = preSolution
		HideSolutionNode = FALSE
	EndGlobalSection
	GlobalSection(ExtensibilityGlobals) = postSolution
		SolutionGuid = {B30D3252-73B3-41D3-80E4-2A5E5AE8D385}
	EndGlobalSection
EndGlobal
